RADICLE_RID=rad:z2BWVCwcwTyoQ2veMJLb1eFpMtJDj
RADICLE_SEED=radicle.jarg.io
RADICLE_HEAD=24d9c4d0737477e74182ff73b4c2be0e47f5bf5e
RADICLE_RELEASE_ID=36fcf6e983b7326e9f1cb47c1796f8f5d385e99f
SETUP_NAME=Eaglercraft-26.2-u1-Setup.jar
SETUP_SIZE=77804659
SETUP_SHA256=57bfcacdf24310d48f462a9a508fe2a59acad8487a8de34bb40963c46183c1bd
PATCH_BUNDLE_SHA256=fd944e9cabbebbf4bddce8a39e1b233b3c7d0cd4f860f9cae37550a3fcfa8b02
PROJECT_SKELETON_SHA256=3656a83ed8187e2d859612c566f3aa73e242bf1e4633990c5bb4929e0a846c94
FINAL_MANIFEST_SHA256=a5924750314f5de9316e9f67b28ce1decee31e27d67b260760b8176cd269243a
MCJS_26_3_ASSETS_COMMIT=bc586558628e2d7ef8ea1cebf198495625619eb2
MCJS_26_3_ASSETS_BLOB_SHA1=9a0c1dd65b0ff91c57c177c1f053140c7eb74d61
